// !$*UTF8*$!
{
	archiveVersion = 1;
	classes = {
	};
	objectVersion = 56;
	objects = {

/* Begin PBXBuildFile section */
		6006D5802B97FB29004AC7CC /* AppDelegate.swift in Sources */ = {isa = PBXBuildFile; fileRef = 6006D57F2B97FB29004AC7CC /* AppDelegate.swift */; };
		6006D5822B97FB29004AC7CC /* SceneDelegate.swift in Sources */ = {isa = PBXBuildFile; fileRef = 6006D5812B97FB29004AC7CC /* SceneDelegate.swift */; };
		6006D5842B97FB29004AC7CC /* ViewController.swift in Sources */ = {isa = PBXBuildFile; fileRef = 6006D5832B97FB29004AC7CC /* ViewController.swift */; };
		6006D5872B97FB29004AC7CC /* Main.storyboard in Resources */ = {isa = PBXBuildFile; fileRef = 6006D5852B97FB29004AC7CC /* Main.storyboard */; };
		6006D5892B97FB2A004AC7CC /* Assets.xcassets in Resources */ = {isa = PBXBuildFile; fileRef = 6006D5882B97FB2A004AC7CC /* Assets.xcassets */; };
		6006D58C2B97FB2A004AC7CC /* LaunchScreen.storyboard in Resources */ = {isa = PBXBuildFile; fileRef = 6006D58A2B97FB2A004AC7CC /* LaunchScreen.storyboard */; };
		6006D5982B980ADA004AC7CC /* ScanViewController.swift in Sources */ = {isa = PBXBuildFile; fileRef = 6006D5972B980ADA004AC7CC /* ScanViewController.swift */; };
		6006D5DC2B981469004AC7CC /* Ex+UIView.swift in Sources */ = {isa = PBXBuildFile; fileRef = 6006D5DB2B981469004AC7CC /* Ex+UIView.swift */; };
		6006D5E02B9838EC004AC7CC /* Ex+UIViewController.swift in Sources */ = {isa = PBXBuildFile; fileRef = 6006D5DF2B9838EC004AC7CC /* Ex+UIViewController.swift */; };
		6006D5E42B9840F3004AC7CC /* PickerOption.swift in Sources */ = {isa = PBXBuildFile; fileRef = 6006D5E32B9840F3004AC7CC /* PickerOption.swift */; };
		603F980C2BA1840000E6E4E5 /* VC+AccessData.swift in Sources */ = {isa = PBXBuildFile; fileRef = 603F980B2BA1840000E6E4E5 /* VC+AccessData.swift */; };
		606A4E732BAC1274009AAA2D /* VC+UserCredential.swift in Sources */ = {isa = PBXBuildFile; fileRef = 606A4E722BAC1274009AAA2D /* VC+UserCredential.swift */; };
		606A4E812BAD1068009AAA2D /* AddEditUserCredentialViewController.swift in Sources */ = {isa = PBXBuildFile; fileRef = 606A4E802BAD1068009AAA2D /* AddEditUserCredentialViewController.swift */; };
		606A4E932BAD50F0009AAA2D /* VC+UserCredentialDelete.swift in Sources */ = {isa = PBXBuildFile; fileRef = 606A4E922BAD50F0009AAA2D /* VC+UserCredentialDelete.swift */; };
		606A4E992BAD67A9009AAA2D /* SearchCredentialViewController.swift in Sources */ = {isa = PBXBuildFile; fileRef = 606A4E982BAD67A9009AAA2D /* SearchCredentialViewController.swift */; };
		606A4EAF2BAD76A7009AAA2D /* AddEditCredentialViewController.swift in Sources */ = {isa = PBXBuildFile; fileRef = 606A4EAE2BAD76A7009AAA2D /* AddEditCredentialViewController.swift */; };
		606B249B2BA7D8A9008DBC35 /* VC+DelAcces.swift in Sources */ = {isa = PBXBuildFile; fileRef = 606B249A2BA7D8A9008DBC35 /* VC+DelAcces.swift */; };
		606B249D2BA80BA7008DBC35 /* GetAccessArrayViewController.swift in Sources */ = {isa = PBXBuildFile; fileRef = 606B249C2BA80BA7008DBC35 /* GetAccessArrayViewController.swift */; };
		606B249F2BA81993008DBC35 /* GetAccessDataViewController.swift in Sources */ = {isa = PBXBuildFile; fileRef = 606B249E2BA81993008DBC35 /* GetAccessDataViewController.swift */; };
		606B24A92BA93A9D008DBC35 /* DelAccessDataViewController.swift in Sources */ = {isa = PBXBuildFile; fileRef = 606B24A82BA93A9D008DBC35 /* DelAccessDataViewController.swift */; };
		60BE21A92BB146F8003AD4E8 /* VC+DelCredential.swift in Sources */ = {isa = PBXBuildFile; fileRef = 60BE21A82BB146F8003AD4E8 /* VC+DelCredential.swift */; };
		60BE21F82BB3A833003AD4E8 /* Ex+V3+ViewController.swift in Sources */ = {isa = PBXBuildFile; fileRef = 60BE21F72BB3A833003AD4E8 /* Ex+V3+ViewController.swift */; };
		60E1FB7A2BCE1F2D004D8460 /* SunionBluetoothTool.framework in Frameworks */ = {isa = PBXBuildFile; fileRef = 60E1FB792BCE1F2D004D8460 /* SunionBluetoothTool.framework */; };
		60EF0D0F2B99A63000819AF4 /* VC+AddAdminCode.swift in Sources */ = {isa = PBXBuildFile; fileRef = 60EF0D0E2B99A63000819AF4 /* VC+AddAdminCode.swift */; };
		60EF0D112B99A8FD00819AF4 /* VC+EditAdminCode.swift in Sources */ = {isa = PBXBuildFile; fileRef = 60EF0D102B99A8FD00819AF4 /* VC+EditAdminCode.swift */; };
		60EF0D132B99AC1B00819AF4 /* VC+FactoryReset.swift in Sources */ = {isa = PBXBuildFile; fileRef = 60EF0D122B99AC1B00819AF4 /* VC+FactoryReset.swift */; };
		60EF0D152B99ACF500819AF4 /* VC+DeviceName.swift in Sources */ = {isa = PBXBuildFile; fileRef = 60EF0D142B99ACF500819AF4 /* VC+DeviceName.swift */; };
		60EF0D1B2B9AC09300819AF4 /* DeviceConfigSettingViewController.swift in Sources */ = {isa = PBXBuildFile; fileRef = 60EF0D1A2B9AC09300819AF4 /* DeviceConfigSettingViewController.swift */; };
		60EF0D1D2B9AE61500819AF4 /* VC+LogData.swift in Sources */ = {isa = PBXBuildFile; fileRef = 60EF0D1C2B9AE61500819AF4 /* VC+LogData.swift */; };
		60EF0D1F2B9AE7CA00819AF4 /* VC+UserData.swift in Sources */ = {isa = PBXBuildFile; fileRef = 60EF0D1E2B9AE7CA00819AF4 /* VC+UserData.swift */; };
		60EF0D212B9AF52700819AF4 /* UserOptionViewController.swift in Sources */ = {isa = PBXBuildFile; fileRef = 60EF0D202B9AF52700819AF4 /* UserOptionViewController.swift */; };
		60EF0D232B9EB18A00819AF4 /* AccessCodeViewController.swift in Sources */ = {isa = PBXBuildFile; fileRef = 60EF0D222B9EB18A00819AF4 /* AccessCodeViewController.swift */; };
/* End PBXBuildFile section */

/* Begin PBXFileReference section */
		6006D57C2B97FB29004AC7CC /* BleDemoApp_iOS.app */ = {isa = PBXFileReference; explicitFileType = wrapper.application; includeInIndex = 0; path = BleDemoApp_iOS.app; sourceTree = BUILT_PRODUCTS_DIR; };
		6006D57F2B97FB29004AC7CC /* AppDelegate.swift */ = {isa = PBXFileReference; lastKnownFileType = sourcecode.swift; path = AppDelegate.swift; sourceTree = "<group>"; };
		6006D5812B97FB29004AC7CC /* SceneDelegate.swift */ = {isa = PBXFileReference; lastKnownFileType = sourcecode.swift; path = SceneDelegate.swift; sourceTree = "<group>"; };
		6006D5832B97FB29004AC7CC /* ViewController.swift */ = {isa = PBXFileReference; lastKnownFileType = sourcecode.swift; path = ViewController.swift; sourceTree = "<group>"; };
		6006D5862B97FB29004AC7CC /* Base */ = {isa = PBXFileReference; lastKnownFileType = file.storyboard; name = Base; path = Base.lproj/Main.storyboard; sourceTree = "<group>"; };
		6006D5882B97FB2A004AC7CC /* Assets.xcassets */ = {isa = PBXFileReference; lastKnownFileType = folder.assetcatalog; path = Assets.xcassets; sourceTree = "<group>"; };
		6006D58B2B97FB2A004AC7CC /* Base */ = {isa = PBXFileReference; lastKnownFileType = file.storyboard; name = Base; path = Base.lproj/LaunchScreen.storyboard; sourceTree = "<group>"; };
		6006D58D2B97FB2A004AC7CC /* Info.plist */ = {isa = PBXFileReference; lastKnownFileType = text.plist.xml; path = Info.plist; sourceTree = "<group>"; };
		6006D5972B980ADA004AC7CC /* ScanViewController.swift */ = {isa = PBXFileReference; lastKnownFileType = sourcecode.swift; path = ScanViewController.swift; sourceTree = "<group>"; };
		6006D5DB2B981469004AC7CC /* Ex+UIView.swift */ = {isa = PBXFileReference; lastKnownFileType = sourcecode.swift; path = "Ex+UIView.swift"; sourceTree = "<group>"; };
		6006D5DF2B9838EC004AC7CC /* Ex+UIViewController.swift */ = {isa = PBXFileReference; lastKnownFileType = sourcecode.swift; path = "Ex+UIViewController.swift"; sourceTree = "<group>"; };
		6006D5E32B9840F3004AC7CC /* PickerOption.swift */ = {isa = PBXFileReference; lastKnownFileType = sourcecode.swift; path = PickerOption.swift; sourceTree = "<group>"; };
		603F980B2BA1840000E6E4E5 /* VC+AccessData.swift */ = {isa = PBXFileReference; lastKnownFileType = sourcecode.swift; path = "VC+AccessData.swift"; sourceTree = "<group>"; };
		606A4E722BAC1274009AAA2D /* VC+UserCredential.swift */ = {isa = PBXFileReference; lastKnownFileType = sourcecode.swift; path = "VC+UserCredential.swift"; sourceTree = "<group>"; };
		606A4E802BAD1068009AAA2D /* AddEditUserCredentialViewController.swift */ = {isa = PBXFileReference; lastKnownFileType = sourcecode.swift; path = AddEditUserCredentialViewController.swift; sourceTree = "<group>"; };
		606A4E922BAD50F0009AAA2D /* VC+UserCredentialDelete.swift */ = {isa = PBXFileReference; lastKnownFileType = sourcecode.swift; path = "VC+UserCredentialDelete.swift"; sourceTree = "<group>"; };
		606A4E982BAD67A9009AAA2D /* SearchCredentialViewController.swift */ = {isa = PBXFileReference; lastKnownFileType = sourcecode.swift; path = SearchCredentialViewController.swift; sourceTree = "<group>"; };
		606A4EAE2BAD76A7009AAA2D /* AddEditCredentialViewController.swift */ = {isa = PBXFileReference; lastKnownFileType = sourcecode.swift; path = AddEditCredentialViewController.swift; sourceTree = "<group>"; };
		606B249A2BA7D8A9008DBC35 /* VC+DelAcces.swift */ = {isa = PBXFileReference; lastKnownFileType = sourcecode.swift; path = "VC+DelAcces.swift"; sourceTree = "<group>"; };
		606B249C2BA80BA7008DBC35 /* GetAccessArrayViewController.swift */ = {isa = PBXFileReference; lastKnownFileType = sourcecode.swift; path = GetAccessArrayViewController.swift; sourceTree = "<group>"; };
		606B249E2BA81993008DBC35 /* GetAccessDataViewController.swift */ = {isa = PBXFileReference; lastKnownFileType = sourcecode.swift; path = GetAccessDataViewController.swift; sourceTree = "<group>"; };
		606B24A82BA93A9D008DBC35 /* DelAccessDataViewController.swift */ = {isa = PBXFileReference; lastKnownFileType = sourcecode.swift; path = DelAccessDataViewController.swift; sourceTree = "<group>"; };
		60BE21A82BB146F8003AD4E8 /* VC+DelCredential.swift */ = {isa = PBXFileReference; lastKnownFileType = sourcecode.swift; path = "VC+DelCredential.swift"; sourceTree = "<group>"; };
		60BE21F72BB3A833003AD4E8 /* Ex+V3+ViewController.swift */ = {isa = PBXFileReference; lastKnownFileType = sourcecode.swift; path = "Ex+V3+ViewController.swift"; sourceTree = "<group>"; };
		60E1FB792BCE1F2D004D8460 /* SunionBluetoothTool.framework */ = {isa = PBXFileReference; lastKnownFileType = wrapper.framework; path = SunionBluetoothTool.framework; sourceTree = "<group>"; };
		60EF0D0E2B99A63000819AF4 /* VC+AddAdminCode.swift */ = {isa = PBXFileReference; lastKnownFileType = sourcecode.swift; path = "VC+AddAdminCode.swift"; sourceTree = "<group>"; };
		60EF0D102B99A8FD00819AF4 /* VC+EditAdminCode.swift */ = {isa = PBXFileReference; lastKnownFileType = sourcecode.swift; path = "VC+EditAdminCode.swift"; sourceTree = "<group>"; };
		60EF0D122B99AC1B00819AF4 /* VC+FactoryReset.swift */ = {isa = PBXFileReference; lastKnownFileType = sourcecode.swift; path = "VC+FactoryReset.swift"; sourceTree = "<group>"; };
		60EF0D142B99ACF500819AF4 /* VC+DeviceName.swift */ = {isa = PBXFileReference; lastKnownFileType = sourcecode.swift; path = "VC+DeviceName.swift"; sourceTree = "<group>"; };
		60EF0D1A2B9AC09300819AF4 /* DeviceConfigSettingViewController.swift */ = {isa = PBXFileReference; lastKnownFileType = sourcecode.swift; path = DeviceConfigSettingViewController.swift; sourceTree = "<group>"; };
		60EF0D1C2B9AE61500819AF4 /* VC+LogData.swift */ = {isa = PBXFileReference; lastKnownFileType = sourcecode.swift; path = "VC+LogData.swift"; sourceTree = "<group>"; };
		60EF0D1E2B9AE7CA00819AF4 /* VC+UserData.swift */ = {isa = PBXFileReference; lastKnownFileType = sourcecode.swift; path = "VC+UserData.swift"; sourceTree = "<group>"; };
		60EF0D202B9AF52700819AF4 /* UserOptionViewController.swift */ = {isa = PBXFileReference; lastKnownFileType = sourcecode.swift; path = UserOptionViewController.swift; sourceTree = "<group>"; };
		60EF0D222B9EB18A00819AF4 /* AccessCodeViewController.swift */ = {isa = PBXFileReference; lastKnownFileType = sourcecode.swift; path = AccessCodeViewController.swift; sourceTree = "<group>"; };
/* End PBXFileReference section */

/* Begin PBXFrameworksBuildPhase section */
		6006D5792B97FB29004AC7CC /* Frameworks */ = {
			isa = PBXFrameworksBuildPhase;
			buildActionMask = 2147483647;
			files = (
				60E1FB7A2BCE1F2D004D8460 /* SunionBluetoothTool.framework in Frameworks */,
			);
			runOnlyForDeploymentPostprocessing = 0;
		};
/* End PBXFrameworksBuildPhase section */

/* Begin PBXGroup section */
		6006D5732B97FB29004AC7CC = {
			isa = PBXGroup;
			children = (
				6006D57E2B97FB29004AC7CC /* BleDemoApp_iOS */,
				6006D57D2B97FB29004AC7CC /* Products */,
			);
			sourceTree = "<group>";
		};
		6006D57D2B97FB29004AC7CC /* Products */ = {
			isa = PBXGroup;
			children = (
				6006D57C2B97FB29004AC7CC /* BleDemoApp_iOS.app */,
			);
			name = Products;
			sourceTree = "<group>";
		};
		6006D57E2B97FB29004AC7CC /* BleDemoApp_iOS */ = {
			isa = PBXGroup;
			children = (
				6006D57F2B97FB29004AC7CC /* AppDelegate.swift */,
				6006D5812B97FB29004AC7CC /* SceneDelegate.swift */,
				6006D5832B97FB29004AC7CC /* ViewController.swift */,
				60BE21F72BB3A833003AD4E8 /* Ex+V3+ViewController.swift */,
				6006D5972B980ADA004AC7CC /* ScanViewController.swift */,
				60EF0D1A2B9AC09300819AF4 /* DeviceConfigSettingViewController.swift */,
				60EF0D202B9AF52700819AF4 /* UserOptionViewController.swift */,
				60EF0D222B9EB18A00819AF4 /* AccessCodeViewController.swift */,
				606B249C2BA80BA7008DBC35 /* GetAccessArrayViewController.swift */,
				606B249E2BA81993008DBC35 /* GetAccessDataViewController.swift */,
				606B24A82BA93A9D008DBC35 /* DelAccessDataViewController.swift */,
				606A4E802BAD1068009AAA2D /* AddEditUserCredentialViewController.swift */,
				606A4E982BAD67A9009AAA2D /* SearchCredentialViewController.swift */,
				606A4EAE2BAD76A7009AAA2D /* AddEditCredentialViewController.swift */,
				6006D5E32B9840F3004AC7CC /* PickerOption.swift */,
				6006D5852B97FB29004AC7CC /* Main.storyboard */,
				6006D5882B97FB2A004AC7CC /* Assets.xcassets */,
				6006D58A2B97FB2A004AC7CC /* LaunchScreen.storyboard */,
				6006D58D2B97FB2A004AC7CC /* Info.plist */,
				6006D5DB2B981469004AC7CC /* Ex+UIView.swift */,
				6006D5DF2B9838EC004AC7CC /* Ex+UIViewController.swift */,
				60EF0D0E2B99A63000819AF4 /* VC+AddAdminCode.swift */,
				60EF0D102B99A8FD00819AF4 /* VC+EditAdminCode.swift */,
				60EF0D122B99AC1B00819AF4 /* VC+FactoryReset.swift */,
				60EF0D142B99ACF500819AF4 /* VC+DeviceName.swift */,
				60EF0D1C2B9AE61500819AF4 /* VC+LogData.swift */,
				60EF0D1E2B9AE7CA00819AF4 /* VC+UserData.swift */,
				603F980B2BA1840000E6E4E5 /* VC+AccessData.swift */,
				606B249A2BA7D8A9008DBC35 /* VC+DelAcces.swift */,
				606A4E722BAC1274009AAA2D /* VC+UserCredential.swift */,
				606A4E922BAD50F0009AAA2D /* VC+UserCredentialDelete.swift */,
				60BE21A82BB146F8003AD4E8 /* VC+DelCredential.swift */,
				60E1FB792BCE1F2D004D8460 /* SunionBluetoothTool.framework */,
			);
			path = BleDemoApp_iOS;
			sourceTree = "<group>";
		};
/* End PBXGroup section */

/* Begin PBXNativeTarget section */
		6006D57B2B97FB29004AC7CC /* BleDemoApp_iOS */ = {
			isa = PBXNativeTarget;
			buildConfigurationList = 6006D5902B97FB2A004AC7CC /* Build configuration list for PBXNativeTarget "BleDemoApp_iOS" */;
			buildPhases = (
				6006D5782B97FB29004AC7CC /* Sources */,
				6006D5792B97FB29004AC7CC /* Frameworks */,
				6006D57A2B97FB29004AC7CC /* Resources */,
			);
			buildRules = (
			);
			dependencies = (
			);
			name = BleDemoApp_iOS;
			packageProductDependencies = (
			);
			productName = BleDemoApp_iOS;
			productReference = 6006D57C2B97FB29004AC7CC /* BleDemoApp_iOS.app */;
			productType = "com.apple.product-type.application";
		};
/* End PBXNativeTarget section */

/* Begin PBXProject section */
		6006D5742B97FB29004AC7CC /* Project object */ = {
			isa = PBXProject;
			attributes = {
				BuildIndependentTargetsInParallel = 1;
				LastSwiftUpdateCheck = 1500;
				LastUpgradeCheck = 1500;
				TargetAttributes = {
					6006D57B2B97FB29004AC7CC = {
						CreatedOnToolsVersion = 15.0.1;
					};
				};
			};
			buildConfigurationList = 6006D5772B97FB29004AC7CC /* Build configuration list for PBXProject "BleDemoApp_iOS" */;
			compatibilityVersion = "Xcode 14.0";
			developmentRegion = en;
			hasScannedForEncodings = 0;
			knownRegions = (
				en,
				Base,
			);
			mainGroup = 6006D5732B97FB29004AC7CC;
			packageReferences = (
			);
			productRefGroup = 6006D57D2B97FB29004AC7CC /* Products */;
			projectDirPath = "";
			projectRoot = "";
			targets = (
				6006D57B2B97FB29004AC7CC /* BleDemoApp_iOS */,
			);
		};
/* End PBXProject section */

/* Begin PBXResourcesBuildPhase section */
		6006D57A2B97FB29004AC7CC /* Resources */ = {
			isa = PBXResourcesBuildPhase;
			buildActionMask = 2147483647;
			files = (
				6006D58C2B97FB2A004AC7CC /* LaunchScreen.storyboard in Resources */,
				6006D5892B97FB2A004AC7CC /* Assets.xcassets in Resources */,
				6006D5872B97FB29004AC7CC /* Main.storyboard in Resources */,
			);
			runOnlyForDeploymentPostprocessing = 0;
		};
/* End PBXResourcesBuildPhase section */

/* Begin PBXSourcesBuildPhase section */
		6006D5782B97FB29004AC7CC /* Sources */ = {
			isa = PBXSourcesBuildPhase;
			buildActionMask = 2147483647;
			files = (
				606B24A92BA93A9D008DBC35 /* DelAccessDataViewController.swift in Sources */,
				606A4EAF2BAD76A7009AAA2D /* AddEditCredentialViewController.swift in Sources */,
				6006D5DC2B981469004AC7CC /* Ex+UIView.swift in Sources */,
				606B249B2BA7D8A9008DBC35 /* VC+DelAcces.swift in Sources */,
				60EF0D0F2B99A63000819AF4 /* VC+AddAdminCode.swift in Sources */,
				6006D5842B97FB29004AC7CC /* ViewController.swift in Sources */,
				6006D5802B97FB29004AC7CC /* AppDelegate.swift in Sources */,
				60EF0D152B99ACF500819AF4 /* VC+DeviceName.swift in Sources */,
				60EF0D232B9EB18A00819AF4 /* AccessCodeViewController.swift in Sources */,
				6006D5822B97FB29004AC7CC /* SceneDelegate.swift in Sources */,
				606A4E812BAD1068009AAA2D /* AddEditUserCredentialViewController.swift in Sources */,
				606B249D2BA80BA7008DBC35 /* GetAccessArrayViewController.swift in Sources */,
				60BE21F82BB3A833003AD4E8 /* Ex+V3+ViewController.swift in Sources */,
				60EF0D132B99AC1B00819AF4 /* VC+FactoryReset.swift in Sources */,
				6006D5E42B9840F3004AC7CC /* PickerOption.swift in Sources */,
				606A4E732BAC1274009AAA2D /* VC+UserCredential.swift in Sources */,
				60BE21A92BB146F8003AD4E8 /* VC+DelCredential.swift in Sources */,
				606A4E992BAD67A9009AAA2D /* SearchCredentialViewController.swift in Sources */,
				6006D5982B980ADA004AC7CC /* ScanViewController.swift in Sources */,
				60EF0D1B2B9AC09300819AF4 /* DeviceConfigSettingViewController.swift in Sources */,
				60EF0D1D2B9AE61500819AF4 /* VC+LogData.swift in Sources */,
				606A4E932BAD50F0009AAA2D /* VC+UserCredentialDelete.swift in Sources */,
				60EF0D1F2B9AE7CA00819AF4 /* VC+UserData.swift in Sources */,
				603F980C2BA1840000E6E4E5 /* VC+AccessData.swift in Sources */,
				60EF0D212B9AF52700819AF4 /* UserOptionViewController.swift in Sources */,
				606B249F2BA81993008DBC35 /* GetAccessDataViewController.swift in Sources */,
				60EF0D112B99A8FD00819AF4 /* VC+EditAdminCode.swift in Sources */,
				6006D5E02B9838EC004AC7CC /* Ex+UIViewController.swift in Sources */,
			);
			runOnlyForDeploymentPostprocessing = 0;
		};
/* End PBXSourcesBuildPhase section */

/* Begin PBXVariantGroup section */
		6006D5852B97FB29004AC7CC /* Main.storyboard */ = {
			isa = PBXVariantGroup;
			children = (
				6006D5862B97FB29004AC7CC /* Base */,
			);
			name = Main.storyboard;
			sourceTree = "<group>";
		};
		6006D58A2B97FB2A004AC7CC /* LaunchScreen.storyboard */ = {
			isa = PBXVariantGroup;
			children = (
				6006D58B2B97FB2A004AC7CC /* Base */,
			);
			name = LaunchScreen.storyboard;
			sourceTree = "<group>";
		};
/* End PBXVariantGroup section */

/* Begin XCBuildConfiguration section */
		6006D58E2B97FB2A004AC7CC /* Debug */ = {
			isa = XCBuildConfiguration;
			buildSettings = {
				ALWAYS_SEARCH_USER_PATHS = NO;
				ASSETCATALOG_COMPILER_GENERATE_SWIFT_ASSET_SYMBOL_EXTENSIONS = YES;
				CLANG_ANALYZER_NONNULL = YES;
				CLANG_ANALYZER_NUMBER_OBJECT_CONVERSION = YES_AGGRESSIVE;
				CLANG_CXX_LANGUAGE_STANDARD = "gnu++20";
				CLANG_ENABLE_MODULES = YES;
				CLANG_ENABLE_OBJC_ARC = YES;
				CLANG_ENABLE_OBJC_WEAK = YES;
				CLANG_WARN_BLOCK_CAPTURE_AUTORELEASING = YES;
				CLANG_WARN_BOOL_CONVERSION = YES;
				CLANG_WARN_COMMA = YES;
				CLANG_WARN_CONSTANT_CONVERSION = YES;
				CLANG_WARN_DEPRECATED_OBJC_IMPLEMENTATIONS = YES;
				CLANG_WARN_DIRECT_OBJC_ISA_USAGE = YES_ERROR;
				CLANG_WARN_DOCUMENTATION_COMMENTS = YES;
				CLANG_WARN_EMPTY_BODY = YES;
				CLANG_WARN_ENUM_CONVERSION = YES;
				CLANG_WARN_INFINITE_RECURSION = YES;
				CLANG_WARN_INT_CONVERSION = YES;
				CLANG_WARN_NON_LITERAL_NULL_CONVERSION = YES;
				CLANG_WARN_OBJC_IMPLICIT_RETAIN_SELF = YES;
				CLANG_WARN_OBJC_LITERAL_CONVERSION = YES;
				CLANG_WARN_OBJC_ROOT_CLASS = YES_ERROR;
				CLANG_WARN_QUOTED_INCLUDE_IN_FRAMEWORK_HEADER = YES;
				CLANG_WARN_RANGE_LOOP_ANALYSIS = YES;
				CLANG_WARN_STRICT_PROTOTYPES = YES;
				CLANG_WARN_SUSPICIOUS_MOVE = YES;
				CLANG_WARN_UNGUARDED_AVAILABILITY = YES_AGGRESSIVE;
				CLANG_WARN_UNREACHABLE_CODE = YES;
				CLANG_WARN__DUPLICATE_METHOD_MATCH = YES;
				COPY_PHASE_STRIP = NO;
				DEBUG_INFORMATION_FORMAT = dwarf;
				ENABLE_STRICT_OBJC_MSGSEND = YES;
				ENABLE_TESTABILITY = YES;
				ENABLE_USER_SCRIPT_SANDBOXING = YES;
				GCC_C_LANGUAGE_STANDARD = gnu17;
				GCC_DYNAMIC_NO_PIC = NO;
				GCC_NO_COMMON_BLOCKS = YES;
				GCC_OPTIMIZATION_LEVEL = 0;
				GCC_PREPROCESSOR_DEFINITIONS = (
					"DEBUG=1",
					"$(inherited)",
				);
				GCC_WARN_64_TO_32_BIT_CONVERSION = YES;
				GCC_WARN_ABOUT_RETURN_TYPE = YES_ERROR;
				GCC_WARN_UNDECLARED_SELECTOR = YES;
				GCC_WARN_UNINITIALIZED_AUTOS = YES_AGGRESSIVE;
				GCC_WARN_UNUSED_FUNCTION = YES;
				GCC_WARN_UNUSED_VARIABLE = YES;
				IPHONEOS_DEPLOYMENT_TARGET = 13.1;
				LOCALIZATION_PREFERS_STRING_CATALOGS = YES;
				MTL_ENABLE_DEBUG_INFO = INCLUDE_SOURCE;
				MTL_FAST_MATH = YES;
				ONLY_ACTIVE_ARCH = YES;
				SDKROOT = iphoneos;
				SWIFT_ACTIVE_COMPILATION_CONDITIONS = "DEBUG $(inherited)";
				SWIFT_OPTIMIZATION_LEVEL = "-Onone";
			};
			name = Debug;
		};
		6006D58F2B97FB2A004AC7CC /* Release */ = {
			isa = XCBuildConfiguration;
			buildSettings = {
				ALWAYS_SEARCH_USER_PATHS = NO;
				ASSETCATALOG_COMPILER_GENERATE_SWIFT_ASSET_SYMBOL_EXTENSIONS = YES;
				CLANG_ANALYZER_NONNULL = YES;
				CLANG_ANALYZER_NUMBER_OBJECT_CONVERSION = YES_AGGRESSIVE;
				CLANG_CXX_LANGUAGE_STANDARD = "gnu++20";
				CLANG_ENABLE_MODULES = YES;
				CLANG_ENABLE_OBJC_ARC = YES;
				CLANG_ENABLE_OBJC_WEAK = YES;
				CLANG_WARN_BLOCK_CAPTURE_AUTORELEASING = YES;
				CLANG_WARN_BOOL_CONVERSION = YES;
				CLANG_WARN_COMMA = YES;
				CLANG_WARN_CONSTANT_CONVERSION = YES;
				CLANG_WARN_DEPRECATED_OBJC_IMPLEMENTATIONS = YES;
				CLANG_WARN_DIRECT_OBJC_ISA_USAGE = YES_ERROR;
				CLANG_WARN_DOCUMENTATION_COMMENTS = YES;
				CLANG_WARN_EMPTY_BODY = YES;
				CLANG_WARN_ENUM_CONVERSION = YES;
				CLANG_WARN_INFINITE_RECURSION = YES;
				CLANG_WARN_INT_CONVERSION = YES;
				CLANG_WARN_NON_LITERAL_NULL_CONVERSION = YES;
				CLANG_WARN_OBJC_IMPLICIT_RETAIN_SELF = YES;
				CLANG_WARN_OBJC_LITERAL_CONVERSION = YES;
				CLANG_WARN_OBJC_ROOT_CLASS = YES_ERROR;
				CLANG_WARN_QUOTED_INCLUDE_IN_FRAMEWORK_HEADER = YES;
				CLANG_WARN_RANGE_LOOP_ANALYSIS = YES;
				CLANG_WARN_STRICT_PROTOTYPES = YES;
				CLANG_WARN_SUSPICIOUS_MOVE = YES;
				CLANG_WARN_UNGUARDED_AVAILABILITY = YES_AGGRESSIVE;
				CLANG_WARN_UNREACHABLE_CODE = YES;
				CLANG_WARN__DUPLICATE_METHOD_MATCH = YES;
				COPY_PHASE_STRIP = NO;
				DEBUG_INFORMATION_FORMAT = "dwarf-with-dsym";
				ENABLE_NS_ASSERTIONS = NO;
				ENABLE_STRICT_OBJC_MSGSEND = YES;
				ENABLE_USER_SCRIPT_SANDBOXING = YES;
				GCC_C_LANGUAGE_STANDARD = gnu17;
				GCC_NO_COMMON_BLOCKS = YES;
				GCC_WARN_64_TO_32_BIT_CONVERSION = YES;
				GCC_WARN_ABOUT_RETURN_TYPE = YES_ERROR;
				GCC_WARN_UNDECLARED_SELECTOR = YES;
				GCC_WARN_UNINITIALIZED_AUTOS = YES_AGGRESSIVE;
				GCC_WARN_UNUSED_FUNCTION = YES;
				GCC_WARN_UNUSED_VARIABLE = YES;
				IPHONEOS_DEPLOYMENT_TARGET = 13.1;
				LOCALIZATION_PREFERS_STRING_CATALOGS = YES;
				MTL_ENABLE_DEBUG_INFO = NO;
				MTL_FAST_MATH = YES;
				SDKROOT = iphoneos;
				SWIFT_COMPILATION_MODE = wholemodule;
				VALIDATE_PRODUCT = YES;
			};
			name = Release;
		};
		6006D5912B97FB2A004AC7CC /* Debug */ = {
			isa = XCBuildConfiguration;
			buildSettings = {
				ASSETCATALOG_COMPILER_APPICON_NAME = AppIcon;
				ASSETCATALOG_COMPILER_GLOBAL_ACCENT_COLOR_NAME = AccentColor;
				CODE_SIGN_STYLE = Automatic;
				CURRENT_PROJECT_VERSION = 1;
				DEVELOPMENT_TEAM = 5PY7CVD87W;
				FRAMEWORK_SEARCH_PATHS = (
					"$(inherited)",
					"$(PROJECT_DIR)/BleDemoApp_iOS",
				);
				GENERATE_INFOPLIST_FILE = YES;
				INFOPLIST_FILE = BleDemoApp_iOS/Info.plist;
				INFOPLIST_KEY_NSBluetoothAlwaysUsageDescription = "This app requires your bluetooth usage to control door's operation. Please allow this app to access you Bluetooth.";
				INFOPLIST_KEY_NSBluetoothPeripheralUsageDescription = "This app requires your bluetooth usage to control door's operation. Please allow this app to access you Bluetooth.";
				INFOPLIST_KEY_NSCameraUsageDescription = "This app requires camera access to scan QR-Code.";
				INFOPLIST_KEY_UIApplicationSupportsIndirectInputEvents = YES;
				INFOPLIST_KEY_UILaunchStoryboardName = LaunchScreen;
				INFOPLIST_KEY_UIMainStoryboardFile = Main;
				INFOPLIST_KEY_UISupportedInterfaceOrientations = UIInterfaceOrientationPortrait;
				IPHONEOS_DEPLOYMENT_TARGET = 13.1;
				LD_RUNPATH_SEARCH_PATHS = (
					"$(inherited)",
					"@executable_path/Frameworks",
				);
				MARKETING_VERSION = 1.0;
				PRODUCT_BUNDLE_IDENTIFIER = tw.sunion.BleDemoApp.iOS;
				PRODUCT_NAME = "$(TARGET_NAME)";
				SWIFT_EMIT_LOC_STRINGS = YES;
				SWIFT_VERSION = 5.0;
				TARGETED_DEVICE_FAMILY = "1,2";
			};
			name = Debug;
		};
		6006D5922B97FB2A004AC7CC /* Release */ = {
			isa = XCBuildConfiguration;
			buildSettings = {
				ASSETCATALOG_COMPILER_APPICON_NAME = AppIcon;
				ASSETCATALOG_COMPILER_GLOBAL_ACCENT_COLOR_NAME = AccentColor;
				CODE_SIGN_STYLE = Automatic;
				CURRENT_PROJECT_VERSION = 1;
				DEVELOPMENT_TEAM = 5PY7CVD87W;
				FRAMEWORK_SEARCH_PATHS = (
					"$(inherited)",
					"$(PROJECT_DIR)/BleDemoApp_iOS",
				);
				GENERATE_INFOPLIST_FILE = YES;
				INFOPLIST_FILE = BleDemoApp_iOS/Info.plist;
				INFOPLIST_KEY_NSBluetoothAlwaysUsageDescription = "This app requires your bluetooth usage to control door's operation. Please allow this app to access you Bluetooth.";
				INFOPLIST_KEY_NSBluetoothPeripheralUsageDescription = "This app requires your bluetooth usage to control door's operation. Please allow this app to access you Bluetooth.";
				INFOPLIST_KEY_NSCameraUsageDescription = "This app requires camera access to scan QR-Code.";
				INFOPLIST_KEY_UIApplicationSupportsIndirectInputEvents = YES;
				INFOPLIST_KEY_UILaunchStoryboardName = LaunchScreen;
				INFOPLIST_KEY_UIMainStoryboardFile = Main;
				INFOPLIST_KEY_UISupportedInterfaceOrientations = UIInterfaceOrientationPortrait;
				IPHONEOS_DEPLOYMENT_TARGET = 13.1;
				LD_RUNPATH_SEARCH_PATHS = (
					"$(inherited)",
					"@executable_path/Frameworks",
				);
				MARKETING_VERSION = 1.0;
				PRODUCT_BUNDLE_IDENTIFIER = tw.sunion.BleDemoApp.iOS;
				PRODUCT_NAME = "$(TARGET_NAME)";
				SWIFT_EMIT_LOC_STRINGS = YES;
				SWIFT_VERSION = 5.0;
				TARGETED_DEVICE_FAMILY = "1,2";
			};
			name = Release;
		};
/* End XCBuildConfiguration section */

/* Begin XCConfigurationList section */
		6006D5772B97FB29004AC7CC /* Build configuration list for PBXProject "BleDemoApp_iOS" */ = {
			isa = XCConfigurationList;
			buildConfigurations = (
				6006D58E2B97FB2A004AC7CC /* Debug */,
				6006D58F2B97FB2A004AC7CC /* Release */,
			);
			defaultConfigurationIsVisible = 0;
			defaultConfigurationName = Release;
		};
		6006D5902B97FB2A004AC7CC /* Build configuration list for PBXNativeTarget "BleDemoApp_iOS" */ = {
			isa = XCConfigurationList;
			buildConfigurations = (
				6006D5912B97FB2A004AC7CC /* Debug */,
				6006D5922B97FB2A004AC7CC /* Release */,
			);
			defaultConfigurationIsVisible = 0;
			defaultConfigurationName = Release;
		};
/* End XCConfigurationList section */
	};
	rootObject = 6006D5742B97FB29004AC7CC /* Project object */;
}
